
Microsoft Visual Studio Solution File, Format Version 12.00
# Visual Studio 15
VisualStudioVersion = 15.0.27004.2008
MinimumVisualStudioVersion = 10.0.40219.1
Project("{FAE04EC0-301F-11D3-BF4B-00C04F79EFBC}") = "MyronBlog", "MyronBlog\MyronBlog.csproj", "{D21E7759-B22D-42FC-85BA-98BEA12B56EF}"
EndProject
Global
	GlobalSection(SolutionConfigurationPlatforms) = preSolution
		Debug|Any CPU = Debug|Any CPU
		Release|Any CPU = Release|Any CPU
	EndGlobalSection
	GlobalSection(ProjectConfigurationPlatforms) = postSolution
		{D21E7759-B22D-42FC-85BA-98BEA12B56EF}.Debug|Any CPU.ActiveCfg = Debug|Any CPU
		{D21E7759-B22D-42FC-85BA-98BEA12B56EF}.Debug|Any CPU.Build.0 = Debug|Any CPU
		{D21E7759-B22D-42FC-85BA-98BEA12B56EF}.Release|Any CPU.ActiveCfg = Release|Any CPU
		{D21E7759-B22D-42FC-85BA-98BEA12B56EF}.Release|Any CPU.Build.0 = Release|Any CPU
	EndGlobalSection
	GlobalSection(SolutionProperties) = preSolution
		HideSolutionNode = FALSE
	EndGlobalSection
	GlobalSection(ExtensibilityGlobals) = postSolution
		SolutionGuid = {8872EF8C-85AC-4F28-AD95-23CE28BAE94D}
	EndGlobalSection
EndGlobal
